PODS:
  - Go23LiteSDK (0.4.0):
    - Kingfisher
  - Kingfisher (6.3.1)

DEPENDENCIES:
  - Go23LiteSDK (from `../`)

SPEC REPOS:
  https://github.com/CocoaPods/Specs.git:
    - Kingfisher

EXTERNAL SOURCES:
  Go23LiteSDK:
    :path: "../"

SPEC CHECKSUMS:
  Go23LiteSDK: 639d99669dffd4217962f92681c606708de65853
  Kingfisher: 016c8b653a35add51dd34a3aba36b580041acc74

PODFILE CHECKSUM: a0620bed99ebaa5078e606bb33a8b61e83d04ac4

COCOAPODS: 1.11.3
