PODS:
  - FDFullscreenPopGesture (1.1)
  - Go23LiteSDK (0.3.0):
    - FDFullscreenPopGesture
    - IQKeyboardManager
    - Kingfisher
    - MJRefresh (= 3.7.2)
  - IQKeyboardManager (6.5.10)
  - Kingfisher (6.3.1)
  - MJRefresh (3.7.2)

DEPENDENCIES:
  - Go23LiteSDK (from `../`)

SPEC REPOS:
  https://github.com/CocoaPods/Specs.git:
    - Kingfisher
  trunk:
    - FDFullscreenPopGesture
    - IQKeyboardManager
    - MJRefresh

EXTERNAL SOURCES:
  Go23LiteSDK:
    :path: "../"

SPEC CHECKSUMS:
  FDFullscreenPopGesture: a8a620179e3d9c40e8e00256dcee1c1a27c6d0f0
  Go23LiteSDK: c087291b2c8dc08389780f5dc64e3fe69c0ab682
  IQKeyboardManager: 45a1fa55c1a5b02c61ac0fd7fd5b62bb4ad20d97
  Kingfisher: 016c8b653a35add51dd34a3aba36b580041acc74
  MJRefresh: 30997d30b347c8e9508a4db11e3a690da0c9b85a

PODFILE CHECKSUM: a0620bed99ebaa5078e606bb33a8b61e83d04ac4

COCOAPODS: 1.11.3
