// !$*UTF8*$!
{
	archiveVersion = 1;
	classes = {
	};
	objectVersion = 46;
	objects = {

/* Begin PBXBuildFile section */
		607FACD61AFB9204008FA782 /* AppDelegate.swift in Sources */ = {isa = PBXBuildFile; fileRef = 607FACD51AFB9204008FA782 /* AppDelegate.swift */; };
		607FACD81AFB9204008FA782 /* ViewController.swift in Sources */ = {isa = PBXBuildFile; fileRef = 607FACD71AFB9204008FA782 /* ViewController.swift */; };
		607FACDB1AFB9204008FA782 /* Main.storyboard in Resources */ = {isa = PBXBuildFile; fileRef = 607FACD91AFB9204008FA782 /* Main.storyboard */; };
		607FACDD1AFB9204008FA782 /* Images.xcassets in Resources */ = {isa = PBXBuildFile; fileRef = 607FACDC1AFB9204008FA782 /* Images.xcassets */; };
		607FACE01AFB9204008FA782 /* LaunchScreen.xib in Resources */ = {isa = PBXBuildFile; fileRef = 607FACDE1AFB9204008FA782 /* LaunchScreen.xib */; };
		607FACEC1AFB9204008FA782 /* Tests.swift in Sources */ = {isa = PBXBuildFile; fileRef = 607FACEB1AFB9204008FA782 /* Tests.swift */; };
		614F077E29A3125F007F0E48 /* ConstraintMultiplierTarget.swift in Sources */ = {isa = PBXBuildFile; fileRef = 614F074729A3125E007F0E48 /* ConstraintMultiplierTarget.swift */; };
		614F077F29A3125F007F0E48 /* LayoutConstraintItem.swift in Sources */ = {isa = PBXBuildFile; fileRef = 614F074829A3125E007F0E48 /* LayoutConstraintItem.swift */; };
		614F078029A3125F007F0E48 /* ConstraintMakerPrioritizable.swift in Sources */ = {isa = PBXBuildFile; fileRef = 614F074929A3125E007F0E48 /* ConstraintMakerPrioritizable.swift */; };
		614F078129A3125F007F0E48 /* ConstraintDescription.swift in Sources */ = {isa = PBXBuildFile; fileRef = 614F074A29A3125E007F0E48 /* ConstraintDescription.swift */; };
		614F078229A3125F007F0E48 /* ConstraintAttributes.swift in Sources */ = {isa = PBXBuildFile; fileRef = 614F074B29A3125E007F0E48 /* ConstraintAttributes.swift */; };
		614F078329A3125F007F0E48 /* ConstraintViewDSL.swift in Sources */ = {isa = PBXBuildFile; fileRef = 614F074C29A3125E007F0E48 /* ConstraintViewDSL.swift */; };
		614F078429A3125F007F0E48 /* ConstraintPriorityTarget.swift in Sources */ = {isa = PBXBuildFile; fileRef = 614F074D29A3125E007F0E48 /* ConstraintPriorityTarget.swift */; };
		614F078529A3125F007F0E48 /* ConstraintInsets.swift in Sources */ = {isa = PBXBuildFile; fileRef = 614F074E29A3125E007F0E48 /* ConstraintInsets.swift */; };
		614F078629A3125F007F0E48 /* ConstraintMakerFinalizable.swift in Sources */ = {isa = PBXBuildFile; fileRef = 614F074F29A3125E007F0E48 /* ConstraintMakerFinalizable.swift */; };
		614F078729A3125F007F0E48 /* ConstraintDSL.swift in Sources */ = {isa = PBXBuildFile; fileRef = 614F075029A3125E007F0E48 /* ConstraintDSL.swift */; };
		614F078829A3125F007F0E48 /* ConstraintMakerExtendable.swift in Sources */ = {isa = PBXBuildFile; fileRef = 614F075129A3125E007F0E48 /* ConstraintMakerExtendable.swift */; };
		614F078929A3125F007F0E48 /* ConstraintPriority.swift in Sources */ = {isa = PBXBuildFile; fileRef = 614F075229A3125E007F0E48 /* ConstraintPriority.swift */; };
		614F078A29A3125F007F0E48 /* ConstraintInsetTarget.swift in Sources */ = {isa = PBXBuildFile; fileRef = 614F075329A3125E007F0E48 /* ConstraintInsetTarget.swift */; };
		614F078B29A3125F007F0E48 /* ConstraintDirectionalInsetTarget.swift in Sources */ = {isa = PBXBuildFile; fileRef = 614F075429A3125E007F0E48 /* ConstraintDirectionalInsetTarget.swift */; };
		614F078C29A3125F007F0E48 /* ConstraintMakerRelatable+Extensions.swift in Sources */ = {isa = PBXBuildFile; fileRef = 614F075529A3125E007F0E48 /* ConstraintMakerRelatable+Extensions.swift */; };
		614F078D29A3125F007F0E48 /* ConstraintConfig.swift in Sources */ = {isa = PBXBuildFile; fileRef = 614F075629A3125E007F0E48 /* ConstraintConfig.swift */; };
		614F078E29A3125F007F0E48 /* UILayoutSupport+Extensions.swift in Sources */ = {isa = PBXBuildFile; fileRef = 614F075729A3125E007F0E48 /* UILayoutSupport+Extensions.swift */; };
		614F078F29A3125F007F0E48 /* ConstraintView.swift in Sources */ = {isa = PBXBuildFile; fileRef = 614F075829A3125E007F0E48 /* ConstraintView.swift */; };
		614F079029A3125F007F0E48 /* ConstraintLayoutGuide.swift in Sources */ = {isa = PBXBuildFile; fileRef = 614F075929A3125E007F0E48 /* ConstraintLayoutGuide.swift */; };
		614F079129A3125F007F0E48 /* ConstraintLayoutSupport.swift in Sources */ = {isa = PBXBuildFile; fileRef = 614F075A29A3125E007F0E48 /* ConstraintLayoutSupport.swift */; };
		614F079229A3125F007F0E48 /* Typealiases.swift in Sources */ = {isa = PBXBuildFile; fileRef = 614F075B29A3125E007F0E48 /* Typealiases.swift */; };
		614F079329A3125F007F0E48 /* ConstraintConstantTarget.swift in Sources */ = {isa = PBXBuildFile; fileRef = 614F075C29A3125E007F0E48 /* ConstraintConstantTarget.swift */; };
		614F079429A3125F007F0E48 /* ConstraintOffsetTarget.swift in Sources */ = {isa = PBXBuildFile; fileRef = 614F075D29A3125E007F0E48 /* ConstraintOffsetTarget.swift */; };
		614F079529A3125F007F0E48 /* ConstraintMakerEditable.swift in Sources */ = {isa = PBXBuildFile; fileRef = 614F075E29A3125E007F0E48 /* ConstraintMakerEditable.swift */; };
		614F079629A3125F007F0E48 /* ConstraintMaker.swift in Sources */ = {isa = PBXBuildFile; fileRef = 614F075F29A3125E007F0E48 /* ConstraintMaker.swift */; };
		614F079729A3125F007F0E48 /* ConstraintRelation.swift in Sources */ = {isa = PBXBuildFile; fileRef = 614F076029A3125E007F0E48 /* ConstraintRelation.swift */; };
		614F079829A3125F007F0E48 /* ConstraintLayoutGuideDSL.swift in Sources */ = {isa = PBXBuildFile; fileRef = 614F076129A3125E007F0E48 /* ConstraintLayoutGuideDSL.swift */; };
		614F079929A3125F007F0E48 /* ConstraintView+Extensions.swift in Sources */ = {isa = PBXBuildFile; fileRef = 614F076229A3125E007F0E48 /* ConstraintView+Extensions.swift */; };
		614F079A29A3125F007F0E48 /* ConstraintItem.swift in Sources */ = {isa = PBXBuildFile; fileRef = 614F076329A3125E007F0E48 /* ConstraintItem.swift */; };
		614F079B29A3125F007F0E48 /* Constraint.swift in Sources */ = {isa = PBXBuildFile; fileRef = 614F076429A3125E007F0E48 /* Constraint.swift */; };
		614F079C29A3125F007F0E48 /* Debugging.swift in Sources */ = {isa = PBXBuildFile; fileRef = 614F076529A3125E007F0E48 /* Debugging.swift */; };
		614F079D29A3125F007F0E48 /* ConstraintRelatableTarget.swift in Sources */ = {isa = PBXBuildFile; fileRef = 614F076629A3125E007F0E48 /* ConstraintRelatableTarget.swift */; };
		614F079E29A3125F007F0E48 /* LayoutConstraint.swift in Sources */ = {isa = PBXBuildFile; fileRef = 614F076729A3125E007F0E48 /* LayoutConstraint.swift */; };
		614F079F29A3125F007F0E48 /* ConstraintLayoutGuide+Extensions.swift in Sources */ = {isa = PBXBuildFile; fileRef = 614F076829A3125E007F0E48 /* ConstraintLayoutGuide+Extensions.swift */; };
		614F07A029A3125F007F0E48 /* ConstraintDirectionalInsets.swift in Sources */ = {isa = PBXBuildFile; fileRef = 614F076929A3125E007F0E48 /* ConstraintDirectionalInsets.swift */; };
		614F07A129A3125F007F0E48 /* ConstraintLayoutSupportDSL.swift in Sources */ = {isa = PBXBuildFile; fileRef = 614F076A29A3125E007F0E48 /* ConstraintLayoutSupportDSL.swift */; };
		614F07A229A3125F007F0E48 /* ConstraintMakerRelatable.swift in Sources */ = {isa = PBXBuildFile; fileRef = 614F076B29A3125E007F0E48 /* ConstraintMakerRelatable.swift */; };
		614F07A329A3125F007F0E48 /* TaskDelegate.swift in Sources */ = {isa = PBXBuildFile; fileRef = 614F076D29A3125E007F0E48 /* TaskDelegate.swift */; };
		614F07A429A3125F007F0E48 /* MultipartFormData.swift in Sources */ = {isa = PBXBuildFile; fileRef = 614F076E29A3125E007F0E48 /* MultipartFormData.swift */; };
		614F07A529A3125F007F0E48 /* NetworkReachabilityManager.swift in Sources */ = {isa = PBXBuildFile; fileRef = 614F076F29A3125E007F0E48 /* NetworkReachabilityManager.swift */; };
		614F07A629A3125F007F0E48 /* Timeline.swift in Sources */ = {isa = PBXBuildFile; fileRef = 614F077029A3125E007F0E48 /* Timeline.swift */; };
		614F07A729A3125F007F0E48 /* DispatchQueue+Alamofire.swift in Sources */ = {isa = PBXBuildFile; fileRef = 614F077129A3125E007F0E48 /* DispatchQueue+Alamofire.swift */; };
		614F07A829A3125F007F0E48 /* Result.swift in Sources */ = {isa = PBXBuildFile; fileRef = 614F077229A3125E007F0E48 /* Result.swift */; };
		614F07A929A3125F007F0E48 /* ParameterEncoding.swift in Sources */ = {isa = PBXBuildFile; fileRef = 614F077329A3125E007F0E48 /* ParameterEncoding.swift */; };
		614F07AA29A3125F007F0E48 /* AFError.swift in Sources */ = {isa = PBXBuildFile; fileRef = 614F077429A3125E007F0E48 /* AFError.swift */; };
		614F07AB29A3125F007F0E48 /* Validation.swift in Sources */ = {isa = PBXBuildFile; fileRef = 614F077529A3125E007F0E48 /* Validation.swift */; };
		614F07AC29A3125F007F0E48 /* Notifications.swift in Sources */ = {isa = PBXBuildFile; fileRef = 614F077629A3125E007F0E48 /* Notifications.swift */; };
		614F07AD29A3125F007F0E48 /* Response.swift in Sources */ = {isa = PBXBuildFile; fileRef = 614F077729A3125E007F0E48 /* Response.swift */; };
		614F07AE29A3125F007F0E48 /* Alamofire.swift in Sources */ = {isa = PBXBuildFile; fileRef = 614F077829A3125E007F0E48 /* Alamofire.swift */; };
		614F07AF29A3125F007F0E48 /* Request.swift in Sources */ = {isa = PBXBuildFile; fileRef = 614F077929A3125E007F0E48 /* Request.swift */; };
		614F07B029A3125F007F0E48 /* SessionManager.swift in Sources */ = {isa = PBXBuildFile; fileRef = 614F077A29A3125E007F0E48 /* SessionManager.swift */; };
		614F07B129A3125F007F0E48 /* ResponseSerialization.swift in Sources */ = {isa = PBXBuildFile; fileRef = 614F077B29A3125E007F0E48 /* ResponseSerialization.swift */; };
		614F07B229A3125F007F0E48 /* ServerTrustPolicy.swift in Sources */ = {isa = PBXBuildFile; fileRef = 614F077C29A3125E007F0E48 /* ServerTrustPolicy.swift */; };
		614F07B329A3125F007F0E48 /* SessionDelegate.swift in Sources */ = {isa = PBXBuildFile; fileRef = 614F077D29A3125E007F0E48 /* SessionDelegate.swift */; };
		614F07B629A3131E007F0E48 /* loading.gif in Resources */ = {isa = PBXBuildFile; fileRef = 614F07B429A3131E007F0E48 /* loading.gif */; };
		614F07C529A319E6007F0E48 /* AppDelegate.swift in Sources */ = {isa = PBXBuildFile; fileRef = 614F07C429A319E6007F0E48 /* AppDelegate.swift */; };
		614F07CD29A31A0D007F0E48 /* Go23Toast.swift in Sources */ = {isa = PBXBuildFile; fileRef = 614F07C629A31A0D007F0E48 /* Go23Toast.swift */; };
		614F07CE29A31A0D007F0E48 /* Go23NetworkManager.swift in Sources */ = {isa = PBXBuildFile; fileRef = 614F07C729A31A0D007F0E48 /* Go23NetworkManager.swift */; };
		614F07CF29A31A0D007F0E48 /* Go23Loading.swift in Sources */ = {isa = PBXBuildFile; fileRef = 614F07C829A31A0D007F0E48 /* Go23Loading.swift */; };
		614F07D029A31A0D007F0E48 /* Go23Color+Extension.swift in Sources */ = {isa = PBXBuildFile; fileRef = 614F07C929A31A0D007F0E48 /* Go23Color+Extension.swift */; };
		614F07D129A31A0D007F0E48 /* Go23SettingAccountView.swift in Sources */ = {isa = PBXBuildFile; fileRef = 614F07CA29A31A0D007F0E48 /* Go23SettingAccountView.swift */; };
		614F07D229A31A0D007F0E48 /* Go23PhoneSelectedView.swift in Sources */ = {isa = PBXBuildFile; fileRef = 614F07CB29A31A0D007F0E48 /* Go23PhoneSelectedView.swift */; };
		614F07D329A31A0D007F0E48 /* Go23Net.swift in Sources */ = {isa = PBXBuildFile; fileRef = 614F07CC29A31A0D007F0E48 /* Go23Net.swift */; };
		614F07D529A31AE9007F0E48 /* OverlayController.swift in Sources */ = {isa = PBXBuildFile; fileRef = 614F07D429A31AE9007F0E48 /* OverlayController.swift */; };
		614F07D729A31B25007F0E48 /* Go23NSMutableAttributedString+Extension.swift in Sources */ = {isa = PBXBuildFile; fileRef = 614F07D629A31B25007F0E48 /* Go23NSMutableAttributedString+Extension.swift */; };
		68CDD24F3E2D4FB78B12A033 /* Pods_Go23LiteSDK_Example.framework in Frameworks */ = {isa = PBXBuildFile; fileRef = 73C75ED616E286801EE07C71 /* Pods_Go23LiteSDK_Example.framework */; };
		B7D36CAC871A9FA7024597C5 /* Pods_Go23LiteSDK_Tests.framework in Frameworks */ = {isa = PBXBuildFile; fileRef = 42F6864B0409CA449D574BBA /* Pods_Go23LiteSDK_Tests.framework */; };
/* End PBXBuildFile section */

/* Begin PBXContainerItemProxy section */
		607FACE61AFB9204008FA782 /* PBXContainerItemProxy */ = {
			isa = PBXContainerItemProxy;
			containerPortal = 607FACC81AFB9204008FA782 /* Project object */;
			proxyType = 1;
			remoteGlobalIDString = 607FACCF1AFB9204008FA782;
			remoteInfo = Go23LiteSDK;
		};
/* End PBXContainerItemProxy section */

/* Begin PBXFileReference section */
		0C5127126DB2BBA5C8B173E9 /* Pods-Go23LiteSDK_Tests.release.xcconfig */ = {isa = PBXFileReference; includeInIndex = 1; lastKnownFileType = text.xcconfig; name = "Pods-Go23LiteSDK_Tests.release.xcconfig"; path = "Target Support Files/Pods-Go23LiteSDK_Tests/Pods-Go23LiteSDK_Tests.release.xcconfig"; sourceTree = "<group>"; };
		2AFEC0B5AA54074CB2812090 /* Pods-Go23LiteSDK_Example.release.xcconfig */ = {isa = PBXFileReference; includeInIndex = 1; lastKnownFileType = text.xcconfig; name = "Pods-Go23LiteSDK_Example.release.xcconfig"; path = "Target Support Files/Pods-Go23LiteSDK_Example/Pods-Go23LiteSDK_Example.release.xcconfig"; sourceTree = "<group>"; };
		34D1C3B93772677909749DD4 /* Go23LiteSDK.podspec */ = {isa = PBXFileReference; includeInIndex = 1; lastKnownFileType = text; name = Go23LiteSDK.podspec; path = ../Go23LiteSDK.podspec; sourceTree = "<group>"; xcLanguageSpecificationIdentifier = xcode.lang.ruby; };
		41E48DC04905C1CCE59DEE4F /* Pods-Go23LiteSDK_Example.debug.xcconfig */ = {isa = PBXFileReference; includeInIndex = 1; lastKnownFileType = text.xcconfig; name = "Pods-Go23LiteSDK_Example.debug.xcconfig"; path = "Target Support Files/Pods-Go23LiteSDK_Example/Pods-Go23LiteSDK_Example.debug.xcconfig"; sourceTree = "<group>"; };
		42F6864B0409CA449D574BBA /* Pods_Go23LiteSDK_Tests.framework */ = {isa = PBXFileReference; explicitFileType = wrapper.framework; includeInIndex = 0; path = Pods_Go23LiteSDK_Tests.framework; sourceTree = BUILT_PRODUCTS_DIR; };
		607FACD01AFB9204008FA782 /* Go23LiteSDK_Example.app */ = {isa = PBXFileReference; explicitFileType = wrapper.application; includeInIndex = 0; path = Go23LiteSDK_Example.app; sourceTree = BUILT_PRODUCTS_DIR; };
		607FACD41AFB9204008FA782 /* Info.plist */ = {isa = PBXFileReference; lastKnownFileType = text.plist.xml; path = Info.plist; sourceTree = "<group>"; };
		607FACD51AFB9204008FA782 /* AppDelegate.swift */ = {isa = PBXFileReference; lastKnownFileType = sourcecode.swift; path = AppDelegate.swift; sourceTree = "<group>"; };
		607FACD71AFB9204008FA782 /* ViewController.swift */ = {isa = PBXFileReference; lastKnownFileType = sourcecode.swift; path = ViewController.swift; sourceTree = "<group>"; };
		607FACDA1AFB9204008FA782 /* Base */ = {isa = PBXFileReference; lastKnownFileType = file.storyboard; name = Base; path = Base.lproj/Main.storyboard; sourceTree = "<group>"; };
		607FACDC1AFB9204008FA782 /* Images.xcassets */ = {isa = PBXFileReference; lastKnownFileType = folder.assetcatalog; path = Images.xcassets; sourceTree = "<group>"; };
		607FACDF1AFB9204008FA782 /* Base */ = {isa = PBXFileReference; lastKnownFileType = file.xib; name = Base; path = Base.lproj/LaunchScreen.xib; sourceTree = "<group>"; };
		607FACE51AFB9204008FA782 /* Go23LiteSDK_Tests.xctest */ = {isa = PBXFileReference; explicitFileType = wrapper.cfbundle; includeInIndex = 0; path = Go23LiteSDK_Tests.xctest; sourceTree = BUILT_PRODUCTS_DIR; };
		607FACEA1AFB9204008FA782 /* Info.plist */ = {isa = PBXFileReference; lastKnownFileType = text.plist.xml; path = Info.plist; sourceTree = "<group>"; };
		607FACEB1AFB9204008FA782 /* Tests.swift */ = {isa = PBXFileReference; lastKnownFileType = sourcecode.swift; path = Tests.swift; sourceTree = "<group>"; };
		614F074729A3125E007F0E48 /* ConstraintMultiplierTarget.swift */ = {isa = PBXFileReference; fileEncoding = 4; lastKnownFileType = sourcecode.swift; path = ConstraintMultiplierTarget.swift; sourceTree = "<group>"; };
		614F074829A3125E007F0E48 /* LayoutConstraintItem.swift */ = {isa = PBXFileReference; fileEncoding = 4; lastKnownFileType = sourcecode.swift; path = LayoutConstraintItem.swift; sourceTree = "<group>"; };
		614F074929A3125E007F0E48 /* ConstraintMakerPrioritizable.swift */ = {isa = PBXFileReference; fileEncoding = 4; lastKnownFileType = sourcecode.swift; path = ConstraintMakerPrioritizable.swift; sourceTree = "<group>"; };
		614F074A29A3125E007F0E48 /* ConstraintDescription.swift */ = {isa = PBXFileReference; fileEncoding = 4; lastKnownFileType = sourcecode.swift; path = ConstraintDescription.swift; sourceTree = "<group>"; };
		614F074B29A3125E007F0E48 /* ConstraintAttributes.swift */ = {isa = PBXFileReference; fileEncoding = 4; lastKnownFileType = sourcecode.swift; path = ConstraintAttributes.swift; sourceTree = "<group>"; };
		614F074C29A3125E007F0E48 /* ConstraintViewDSL.swift */ = {isa = PBXFileReference; fileEncoding = 4; lastKnownFileType = sourcecode.swift; path = ConstraintViewDSL.swift; sourceTree = "<group>"; };
		614F074D29A3125E007F0E48 /* ConstraintPriorityTarget.swift */ = {isa = PBXFileReference; fileEncoding = 4; lastKnownFileType = sourcecode.swift; path = ConstraintPriorityTarget.swift; sourceTree = "<group>"; };
		614F074E29A3125E007F0E48 /* ConstraintInsets.swift */ = {isa = PBXFileReference; fileEncoding = 4; lastKnownFileType = sourcecode.swift; path = ConstraintInsets.swift; sourceTree = "<group>"; };
		614F074F29A3125E007F0E48 /* ConstraintMakerFinalizable.swift */ = {isa = PBXFileReference; fileEncoding = 4; lastKnownFileType = sourcecode.swift; path = ConstraintMakerFinalizable.swift; sourceTree = "<group>"; };
		614F075029A3125E007F0E48 /* ConstraintDSL.swift */ = {isa = PBXFileReference; fileEncoding = 4; lastKnownFileType = sourcecode.swift; path = ConstraintDSL.swift; sourceTree = "<group>"; };
		614F075129A3125E007F0E48 /* ConstraintMakerExtendable.swift */ = {isa = PBXFileReference; fileEncoding = 4; lastKnownFileType = sourcecode.swift; path = ConstraintMakerExtendable.swift; sourceTree = "<group>"; };
		614F075229A3125E007F0E48 /* ConstraintPriority.swift */ = {isa = PBXFileReference; fileEncoding = 4; lastKnownFileType = sourcecode.swift; path = ConstraintPriority.swift; sourceTree = "<group>"; };
		614F075329A3125E007F0E48 /* ConstraintInsetTarget.swift */ = {isa = PBXFileReference; fileEncoding = 4; lastKnownFileType = sourcecode.swift; path = ConstraintInsetTarget.swift; sourceTree = "<group>"; };
		614F075429A3125E007F0E48 /* ConstraintDirectionalInsetTarget.swift */ = {isa = PBXFileReference; fileEncoding = 4; lastKnownFileType = sourcecode.swift; path = ConstraintDirectionalInsetTarget.swift; sourceTree = "<group>"; };
		614F075529A3125E007F0E48 /* ConstraintMakerRelatable+Extensions.swift */ = {isa = PBXFileReference; fileEncoding = 4; lastKnownFileType = sourcecode.swift; path = "ConstraintMakerRelatable+Extensions.swift"; sourceTree = "<group>"; };
		614F075629A3125E007F0E48 /* ConstraintConfig.swift */ = {isa = PBXFileReference; fileEncoding = 4; lastKnownFileType = sourcecode.swift; path = ConstraintConfig.swift; sourceTree = "<group>"; };
		614F075729A3125E007F0E48 /* UILayoutSupport+Extensions.swift */ = {isa = PBXFileReference; fileEncoding = 4; lastKnownFileType = sourcecode.swift; path = "UILayoutSupport+Extensions.swift"; sourceTree = "<group>"; };
		614F075829A3125E007F0E48 /* ConstraintView.swift */ = {isa = PBXFileReference; fileEncoding = 4; lastKnownFileType = sourcecode.swift; path = ConstraintView.swift; sourceTree = "<group>"; };
		614F075929A3125E007F0E48 /* ConstraintLayoutGuide.swift */ = {isa = PBXFileReference; fileEncoding = 4; lastKnownFileType = sourcecode.swift; path = ConstraintLayoutGuide.swift; sourceTree = "<group>"; };
		614F075A29A3125E007F0E48 /* ConstraintLayoutSupport.swift */ = {isa = PBXFileReference; fileEncoding = 4; lastKnownFileType = sourcecode.swift; path = ConstraintLayoutSupport.swift; sourceTree = "<group>"; };
		614F075B29A3125E007F0E48 /* Typealiases.swift */ = {isa = PBXFileReference; fileEncoding = 4; lastKnownFileType = sourcecode.swift; path = Typealiases.swift; sourceTree = "<group>"; };
		614F075C29A3125E007F0E48 /* ConstraintConstantTarget.swift */ = {isa = PBXFileReference; fileEncoding = 4; lastKnownFileType = sourcecode.swift; path = ConstraintConstantTarget.swift; sourceTree = "<group>"; };
		614F075D29A3125E007F0E48 /* ConstraintOffsetTarget.swift */ = {isa = PBXFileReference; fileEncoding = 4; lastKnownFileType = sourcecode.swift; path = ConstraintOffsetTarget.swift; sourceTree = "<group>"; };
		614F075E29A3125E007F0E48 /* ConstraintMakerEditable.swift */ = {isa = PBXFileReference; fileEncoding = 4; lastKnownFileType = sourcecode.swift; path = ConstraintMakerEditable.swift; sourceTree = "<group>"; };
		614F075F29A3125E007F0E48 /* ConstraintMaker.swift */ = {isa = PBXFileReference; fileEncoding = 4; lastKnownFileType = sourcecode.swift; path = ConstraintMaker.swift; sourceTree = "<group>"; };
		614F076029A3125E007F0E48 /* ConstraintRelation.swift */ = {isa = PBXFileReference; fileEncoding = 4; lastKnownFileType = sourcecode.swift; path = ConstraintRelation.swift; sourceTree = "<group>"; };
		614F076129A3125E007F0E48 /* ConstraintLayoutGuideDSL.swift */ = {isa = PBXFileReference; fileEncoding = 4; lastKnownFileType = sourcecode.swift; path = ConstraintLayoutGuideDSL.swift; sourceTree = "<group>"; };
		614F076229A3125E007F0E48 /* ConstraintView+Extensions.swift */ = {isa = PBXFileReference; fileEncoding = 4; lastKnownFileType = sourcecode.swift; path = "ConstraintView+Extensions.swift"; sourceTree = "<group>"; };
		614F076329A3125E007F0E48 /* ConstraintItem.swift */ = {isa = PBXFileReference; fileEncoding = 4; lastKnownFileType = sourcecode.swift; path = ConstraintItem.swift; sourceTree = "<group>"; };
		614F076429A3125E007F0E48 /* Constraint.swift */ = {isa = PBXFileReference; fileEncoding = 4; lastKnownFileType = sourcecode.swift; path = Constraint.swift; sourceTree = "<group>"; };
		614F076529A3125E007F0E48 /* Debugging.swift */ = {isa = PBXFileReference; fileEncoding = 4; lastKnownFileType = sourcecode.swift; path = Debugging.swift; sourceTree = "<group>"; };
		614F076629A3125E007F0E48 /* ConstraintRelatableTarget.swift */ = {isa = PBXFileReference; fileEncoding = 4; lastKnownFileType = sourcecode.swift; path = ConstraintRelatableTarget.swift; sourceTree = "<group>"; };
		614F076729A3125E007F0E48 /* LayoutConstraint.swift */ = {isa = PBXFileReference; fileEncoding = 4; lastKnownFileType = sourcecode.swift; path = LayoutConstraint.swift; sourceTree = "<group>"; };
		614F076829A3125E007F0E48 /* ConstraintLayoutGuide+Extensions.swift */ = {isa = PBXFileReference; fileEncoding = 4; lastKnownFileType = sourcecode.swift; path = "ConstraintLayoutGuide+Extensions.swift"; sourceTree = "<group>"; };
		614F076929A3125E007F0E48 /* ConstraintDirectionalInsets.swift */ = {isa = PBXFileReference; fileEncoding = 4; lastKnownFileType = sourcecode.swift; path = ConstraintDirectionalInsets.swift; sourceTree = "<group>"; };
		614F076A29A3125E007F0E48 /* ConstraintLayoutSupportDSL.swift */ = {isa = PBXFileReference; fileEncoding = 4; lastKnownFileType = sourcecode.swift; path = ConstraintLayoutSupportDSL.swift; sourceTree = "<group>"; };
		614F076B29A3125E007F0E48 /* ConstraintMakerRelatable.swift */ = {isa = PBXFileReference; fileEncoding = 4; lastKnownFileType = sourcecode.swift; path = ConstraintMakerRelatable.swift; sourceTree = "<group>"; };
		614F076D29A3125E007F0E48 /* TaskDelegate.swift */ = {isa = PBXFileReference; fileEncoding = 4; lastKnownFileType = sourcecode.swift; path = TaskDelegate.swift; sourceTree = "<group>"; };
		614F076E29A3125E007F0E48 /* MultipartFormData.swift */ = {isa = PBXFileReference; fileEncoding = 4; lastKnownFileType = sourcecode.swift; path = MultipartFormData.swift; sourceTree = "<group>"; };
		614F076F29A3125E007F0E48 /* NetworkReachabilityManager.swift */ = {isa = PBXFileReference; fileEncoding = 4; lastKnownFileType = sourcecode.swift; path = NetworkReachabilityManager.swift; sourceTree = "<group>"; };
		614F077029A3125E007F0E48 /* Timeline.swift */ = {isa = PBXFileReference; fileEncoding = 4; lastKnownFileType = sourcecode.swift; path = Timeline.swift; sourceTree = "<group>"; };
		614F077129A3125E007F0E48 /* DispatchQueue+Alamofire.swift */ = {isa = PBXFileReference; fileEncoding = 4; lastKnownFileType = sourcecode.swift; path = "DispatchQueue+Alamofire.swift"; sourceTree = "<group>"; };
		614F077229A3125E007F0E48 /* Result.swift */ = {isa = PBXFileReference; fileEncoding = 4; lastKnownFileType = sourcecode.swift; path = Result.swift; sourceTree = "<group>"; };
		614F077329A3125E007F0E48 /* ParameterEncoding.swift */ = {isa = PBXFileReference; fileEncoding = 4; lastKnownFileType = sourcecode.swift; path = ParameterEncoding.swift; sourceTree = "<group>"; };
		614F077429A3125E007F0E48 /* AFError.swift */ = {isa = PBXFileReference; fileEncoding = 4; lastKnownFileType = sourcecode.swift; path = AFError.swift; sourceTree = "<group>"; };
		614F077529A3125E007F0E48 /* Validation.swift */ = {isa = PBXFileReference; fileEncoding = 4; lastKnownFileType = sourcecode.swift; path = Validation.swift; sourceTree = "<group>"; };
		614F077629A3125E007F0E48 /* Notifications.swift */ = {isa = PBXFileReference; fileEncoding = 4; lastKnownFileType = sourcecode.swift; path = Notifications.swift; sourceTree = "<group>"; };
		614F077729A3125E007F0E48 /* Response.swift */ = {isa = PBXFileReference; fileEncoding = 4; lastKnownFileType = sourcecode.swift; path = Response.swift; sourceTree = "<group>"; };
		614F077829A3125E007F0E48 /* Alamofire.swift */ = {isa = PBXFileReference; fileEncoding = 4; lastKnownFileType = sourcecode.swift; path = Alamofire.swift; sourceTree = "<group>"; };
		614F077929A3125E007F0E48 /* Request.swift */ = {isa = PBXFileReference; fileEncoding = 4; lastKnownFileType = sourcecode.swift; path = Request.swift; sourceTree = "<group>"; };
		614F077A29A3125E007F0E48 /* SessionManager.swift */ = {isa = PBXFileReference; fileEncoding = 4; lastKnownFileType = sourcecode.swift; path = SessionManager.swift; sourceTree = "<group>"; };
		614F077B29A3125E007F0E48 /* ResponseSerialization.swift */ = {isa = PBXFileReference; fileEncoding = 4; lastKnownFileType = sourcecode.swift; path = ResponseSerialization.swift; sourceTree = "<group>"; };
		614F077C29A3125E007F0E48 /* ServerTrustPolicy.swift */ = {isa = PBXFileReference; fileEncoding = 4; lastKnownFileType = sourcecode.swift; path = ServerTrustPolicy.swift; sourceTree = "<group>"; };
		614F077D29A3125E007F0E48 /* SessionDelegate.swift */ = {isa = PBXFileReference; fileEncoding = 4; lastKnownFileType = sourcecode.swift; path = SessionDelegate.swift; sourceTree = "<group>"; };
		614F07B429A3131E007F0E48 /* loading.gif */ = {isa = PBXFileReference; lastKnownFileType = image.gif; name = loading.gif; path = Go23LiteSDK/loading.gif; sourceTree = SOURCE_ROOT; };
		614F07C429A319E6007F0E48 /* AppDelegate.swift */ = {isa = PBXFileReference; fileEncoding = 4; lastKnownFileType = sourcecode.swift; path = AppDelegate.swift; sourceTree = "<group>"; };
		614F07C629A31A0D007F0E48 /* Go23Toast.swift */ = {isa = PBXFileReference; fileEncoding = 4; lastKnownFileType = sourcecode.swift; path = Go23Toast.swift; sourceTree = "<group>"; };
		614F07C729A31A0D007F0E48 /* Go23NetworkManager.swift */ = {isa = PBXFileReference; fileEncoding = 4; lastKnownFileType = sourcecode.swift; path = Go23NetworkManager.swift; sourceTree = "<group>"; };
		614F07C829A31A0D007F0E48 /* Go23Loading.swift */ = {isa = PBXFileReference; fileEncoding = 4; lastKnownFileType = sourcecode.swift; path = Go23Loading.swift; sourceTree = "<group>"; };
		614F07C929A31A0D007F0E48 /* Go23Color+Extension.swift */ = {isa = PBXFileReference; fileEncoding = 4; lastKnownFileType = sourcecode.swift; path = "Go23Color+Extension.swift"; sourceTree = "<group>"; };
		614F07CA29A31A0D007F0E48 /* Go23SettingAccountView.swift */ = {isa = PBXFileReference; fileEncoding = 4; lastKnownFileType = sourcecode.swift; path = Go23SettingAccountView.swift; sourceTree = "<group>"; };
		614F07CB29A31A0D007F0E48 /* Go23PhoneSelectedView.swift */ = {isa = PBXFileReference; fileEncoding = 4; lastKnownFileType = sourcecode.swift; path = Go23PhoneSelectedView.swift; sourceTree = "<group>"; };
		614F07CC29A31A0D007F0E48 /* Go23Net.swift */ = {isa = PBXFileReference; fileEncoding = 4; lastKnownFileType = sourcecode.swift; path = Go23Net.swift; sourceTree = "<group>"; };
		614F07D429A31AE9007F0E48 /* OverlayController.swift */ = {isa = PBXFileReference; fileEncoding = 4; lastKnownFileType = sourcecode.swift; path = OverlayController.swift; sourceTree = "<group>"; };
		614F07D629A31B25007F0E48 /* Go23NSMutableAttributedString+Extension.swift */ = {isa = PBXFileReference; fileEncoding = 4; lastKnownFileType = sourcecode.swift; name = "Go23NSMutableAttributedString+Extension.swift"; path = "Go23LiteSDK/Go23NSMutableAttributedString+Extension.swift"; sourceTree = SOURCE_ROOT; };
		73C75ED616E286801EE07C71 /* Pods_Go23LiteSDK_Example.framework */ = {isa = PBXFileReference; explicitFileType = wrapper.framework; includeInIndex = 0; path = Pods_Go23LiteSDK_Example.framework; sourceTree = BUILT_PRODUCTS_DIR; };
		760AB92737DEB08EBDC5CAD3 /* Pods-Go23LiteSDK_Tests.debug.xcconfig */ = {isa = PBXFileReference; includeInIndex = 1; lastKnownFileType = text.xcconfig; name = "Pods-Go23LiteSDK_Tests.debug.xcconfig"; path = "Target Support Files/Pods-Go23LiteSDK_Tests/Pods-Go23LiteSDK_Tests.debug.xcconfig"; sourceTree = "<group>"; };
		AC4F62E2A66BE7E94FECBE6E /* README.md */ = {isa = PBXFileReference; includeInIndex = 1; lastKnownFileType = net.daringfireball.markdown; name = README.md; path = ../README.md; sourceTree = "<group>"; };
		F5917267F77DDE5BC758324C /* LICENSE */ = {isa = PBXFileReference; includeInIndex = 1; lastKnownFileType = text; name = LICENSE; path = ../LICENSE; sourceTree = "<group>"; };
/* End PBXFileReference section */

/* Begin PBXFrameworksBuildPhase section */
		607FACCD1AFB9204008FA782 /* Frameworks */ = {
			isa = PBXFrameworksBuildPhase;
			buildActionMask = 2147483647;
			files = (
				68CDD24F3E2D4FB78B12A033 /* Pods_Go23LiteSDK_Example.framework in Frameworks */,
			);
			runOnlyForDeploymentPostprocessing = 0;
		};
		607FACE21AFB9204008FA782 /* Frameworks */ = {
			isa = PBXFrameworksBuildPhase;
			buildActionMask = 2147483647;
			files = (
				B7D36CAC871A9FA7024597C5 /* Pods_Go23LiteSDK_Tests.framework in Frameworks */,
			);
			runOnlyForDeploymentPostprocessing = 0;
		};
/* End PBXFrameworksBuildPhase section */

/* Begin PBXGroup section */
		607FACC71AFB9204008FA782 = {
			isa = PBXGroup;
			children = (
				607FACF51AFB993E008FA782 /* Podspec Metadata */,
				607FACD21AFB9204008FA782 /* Example for Go23LiteSDK */,
				607FACE81AFB9204008FA782 /* Tests */,
				607FACD11AFB9204008FA782 /* Products */,
				BB09FBD29BF81C3AD96A8ACF /* Pods */,
				76E290A2D732A91AAEF48BAE /* Frameworks */,
			);
			sourceTree = "<group>";
		};
		607FACD11AFB9204008FA782 /* Products */ = {
			isa = PBXGroup;
			children = (
				607FACD01AFB9204008FA782 /* Go23LiteSDK_Example.app */,
				607FACE51AFB9204008FA782 /* Go23LiteSDK_Tests.xctest */,
			);
			name = Products;
			sourceTree = "<group>";
		};
		607FACD21AFB9204008FA782 /* Example for Go23LiteSDK */ = {
			isa = PBXGroup;
			children = (
				614F07B429A3131E007F0E48 /* loading.gif */,
				614F076C29A3125E007F0E48 /* Alamofire */,
				614F074629A3125E007F0E48 /* SanpKit */,
				614F07C929A31A0D007F0E48 /* Go23Color+Extension.swift */,
				614F07D429A31AE9007F0E48 /* OverlayController.swift */,
				614F07C829A31A0D007F0E48 /* Go23Loading.swift */,
				614F07CC29A31A0D007F0E48 /* Go23Net.swift */,
				614F07C729A31A0D007F0E48 /* Go23NetworkManager.swift */,
				614F07CB29A31A0D007F0E48 /* Go23PhoneSelectedView.swift */,
				614F07CA29A31A0D007F0E48 /* Go23SettingAccountView.swift */,
				614F07C629A31A0D007F0E48 /* Go23Toast.swift */,
				607FACD51AFB9204008FA782 /* AppDelegate.swift */,
				607FACD71AFB9204008FA782 /* ViewController.swift */,
				614F07C429A319E6007F0E48 /* AppDelegate.swift */,
				607FACD91AFB9204008FA782 /* Main.storyboard */,
				607FACDC1AFB9204008FA782 /* Images.xcassets */,
				607FACDE1AFB9204008FA782 /* LaunchScreen.xib */,
				607FACD31AFB9204008FA782 /* Supporting Files */,
			);
			name = "Example for Go23LiteSDK";
			path = Go23LiteSDK;
			sourceTree = "<group>";
		};
		607FACD31AFB9204008FA782 /* Supporting Files */ = {
			isa = PBXGroup;
			children = (
				607FACD41AFB9204008FA782 /* Info.plist */,
			);
			name = "Supporting Files";
			sourceTree = "<group>";
		};
		607FACE81AFB9204008FA782 /* Tests */ = {
			isa = PBXGroup;
			children = (
				607FACEB1AFB9204008FA782 /* Tests.swift */,
				607FACE91AFB9204008FA782 /* Supporting Files */,
			);
			path = Tests;
			sourceTree = "<group>";
		};
		607FACE91AFB9204008FA782 /* Supporting Files */ = {
			isa = PBXGroup;
			children = (
				607FACEA1AFB9204008FA782 /* Info.plist */,
			);
			name = "Supporting Files";
			sourceTree = "<group>";
		};
		607FACF51AFB993E008FA782 /* Podspec Metadata */ = {
			isa = PBXGroup;
			children = (
				34D1C3B93772677909749DD4 /* Go23LiteSDK.podspec */,
				AC4F62E2A66BE7E94FECBE6E /* README.md */,
				F5917267F77DDE5BC758324C /* LICENSE */,
			);
			name = "Podspec Metadata";
			sourceTree = "<group>";
		};
		614F074629A3125E007F0E48 /* SanpKit */ = {
			isa = PBXGroup;
			children = (
				614F07D629A31B25007F0E48 /* Go23NSMutableAttributedString+Extension.swift */,
				614F074729A3125E007F0E48 /* ConstraintMultiplierTarget.swift */,
				614F074829A3125E007F0E48 /* LayoutConstraintItem.swift */,
				614F074929A3125E007F0E48 /* ConstraintMakerPrioritizable.swift */,
				614F074A29A3125E007F0E48 /* ConstraintDescription.swift */,
				614F074B29A3125E007F0E48 /* ConstraintAttributes.swift */,
				614F074C29A3125E007F0E48 /* ConstraintViewDSL.swift */,
				614F074D29A3125E007F0E48 /* ConstraintPriorityTarget.swift */,
				614F074E29A3125E007F0E48 /* ConstraintInsets.swift */,
				614F074F29A3125E007F0E48 /* ConstraintMakerFinalizable.swift */,
				614F075029A3125E007F0E48 /* ConstraintDSL.swift */,
				614F075129A3125E007F0E48 /* ConstraintMakerExtendable.swift */,
				614F075229A3125E007F0E48 /* ConstraintPriority.swift */,
				614F075329A3125E007F0E48 /* ConstraintInsetTarget.swift */,
				614F075429A3125E007F0E48 /* ConstraintDirectionalInsetTarget.swift */,
				614F075529A3125E007F0E48 /* ConstraintMakerRelatable+Extensions.swift */,
				614F075629A3125E007F0E48 /* ConstraintConfig.swift */,
				614F075729A3125E007F0E48 /* UILayoutSupport+Extensions.swift */,
				614F075829A3125E007F0E48 /* ConstraintView.swift */,
				614F075929A3125E007F0E48 /* ConstraintLayoutGuide.swift */,
				614F075A29A3125E007F0E48 /* ConstraintLayoutSupport.swift */,
				614F075B29A3125E007F0E48 /* Typealiases.swift */,
				614F075C29A3125E007F0E48 /* ConstraintConstantTarget.swift */,
				614F075D29A3125E007F0E48 /* ConstraintOffsetTarget.swift */,
				614F075E29A3125E007F0E48 /* ConstraintMakerEditable.swift */,
				614F075F29A3125E007F0E48 /* ConstraintMaker.swift */,
				614F076029A3125E007F0E48 /* ConstraintRelation.swift */,
				614F076129A3125E007F0E48 /* ConstraintLayoutGuideDSL.swift */,
				614F076229A3125E007F0E48 /* ConstraintView+Extensions.swift */,
				614F076329A3125E007F0E48 /* ConstraintItem.swift */,
				614F076429A3125E007F0E48 /* Constraint.swift */,
				614F076529A3125E007F0E48 /* Debugging.swift */,
				614F076629A3125E007F0E48 /* ConstraintRelatableTarget.swift */,
				614F076729A3125E007F0E48 /* LayoutConstraint.swift */,
				614F076829A3125E007F0E48 /* ConstraintLayoutGuide+Extensions.swift */,
				614F076929A3125E007F0E48 /* ConstraintDirectionalInsets.swift */,
				614F076A29A3125E007F0E48 /* ConstraintLayoutSupportDSL.swift */,
				614F076B29A3125E007F0E48 /* ConstraintMakerRelatable.swift */,
			);
			path = SanpKit;
			sourceTree = "<group>";
		};
		614F076C29A3125E007F0E48 /* Alamofire */ = {
			isa = PBXGroup;
			children = (
				614F076D29A3125E007F0E48 /* TaskDelegate.swift */,
				614F076E29A3125E007F0E48 /* MultipartFormData.swift */,
				614F076F29A3125E007F0E48 /* NetworkReachabilityManager.swift */,
				614F077029A3125E007F0E48 /* Timeline.swift */,
				614F077129A3125E007F0E48 /* DispatchQueue+Alamofire.swift */,
				614F077229A3125E007F0E48 /* Result.swift */,
				614F077329A3125E007F0E48 /* ParameterEncoding.swift */,
				614F077429A3125E007F0E48 /* AFError.swift */,
				614F077529A3125E007F0E48 /* Validation.swift */,
				614F077629A3125E007F0E48 /* Notifications.swift */,
				614F077729A3125E007F0E48 /* Response.swift */,
				614F077829A3125E007F0E48 /* Alamofire.swift */,
				614F077929A3125E007F0E48 /* Request.swift */,
				614F077A29A3125E007F0E48 /* SessionManager.swift */,
				614F077B29A3125E007F0E48 /* ResponseSerialization.swift */,
				614F077C29A3125E007F0E48 /* ServerTrustPolicy.swift */,
				614F077D29A3125E007F0E48 /* SessionDelegate.swift */,
			);
			path = Alamofire;
			sourceTree = "<group>";
		};
		76E290A2D732A91AAEF48BAE /* Frameworks */ = {
			isa = PBXGroup;
			children = (
				73C75ED616E286801EE07C71 /* Pods_Go23LiteSDK_Example.framework */,
				42F6864B0409CA449D574BBA /* Pods_Go23LiteSDK_Tests.framework */,
			);
			name = Frameworks;
			sourceTree = "<group>";
		};
		BB09FBD29BF81C3AD96A8ACF /* Pods */ = {
			isa = PBXGroup;
			children = (
				41E48DC04905C1CCE59DEE4F /* Pods-Go23LiteSDK_Example.debug.xcconfig */,
				2AFEC0B5AA54074CB2812090 /* Pods-Go23LiteSDK_Example.release.xcconfig */,
				760AB92737DEB08EBDC5CAD3 /* Pods-Go23LiteSDK_Tests.debug.xcconfig */,
				0C5127126DB2BBA5C8B173E9 /* Pods-Go23LiteSDK_Tests.release.xcconfig */,
			);
			path = Pods;
			sourceTree = "<group>";
		};
/* End PBXGroup section */

/* Begin PBXNativeTarget section */
		607FACCF1AFB9204008FA782 /* Go23LiteSDK_Example */ = {
			isa = PBXNativeTarget;
			buildConfigurationList = 607FACEF1AFB9204008FA782 /* Build configuration list for PBXNativeTarget "Go23LiteSDK_Example" */;
			buildPhases = (
				EC6338B7E19CCDBA9E603764 /* [CP] Check Pods Manifest.lock */,
				607FACCC1AFB9204008FA782 /* Sources */,
				607FACCD1AFB9204008FA782 /* Frameworks */,
				607FACCE1AFB9204008FA782 /* Resources */,
				B0B65D86F10A8A82806BD411 /* [CP] Embed Pods Frameworks */,
				A82A80D9FE734DE0B4A1931C /* [CP] Copy Pods Resources */,
			);
			buildRules = (
			);
			dependencies = (
			);
			name = Go23LiteSDK_Example;
			productName = Go23LiteSDK;
			productReference = 607FACD01AFB9204008FA782 /* Go23LiteSDK_Example.app */;
			productType = "com.apple.product-type.application";
		};
		607FACE41AFB9204008FA782 /* Go23LiteSDK_Tests */ = {
			isa = PBXNativeTarget;
			buildConfigurationList = 607FACF21AFB9204008FA782 /* Build configuration list for PBXNativeTarget "Go23LiteSDK_Tests" */;
			buildPhases = (
				1D62D16109594FA17E76F17C /* [CP] Check Pods Manifest.lock */,
				607FACE11AFB9204008FA782 /* Sources */,
				607FACE21AFB9204008FA782 /* Frameworks */,
				607FACE31AFB9204008FA782 /* Resources */,
			);
			buildRules = (
			);
			dependencies = (
				607FACE71AFB9204008FA782 /* PBXTargetDependency */,
			);
			name = Go23LiteSDK_Tests;
			productName = Tests;
			productReference = 607FACE51AFB9204008FA782 /* Go23LiteSDK_Tests.xctest */;
			productType = "com.apple.product-type.bundle.unit-test";
		};
/* End PBXNativeTarget section */

/* Begin PBXProject section */
		607FACC81AFB9204008FA782 /* Project object */ = {
			isa = PBXProject;
			attributes = {
				LastSwiftUpdateCheck = 0830;
				LastUpgradeCheck = 0830;
				ORGANIZATIONNAME = CocoaPods;
				TargetAttributes = {
					607FACCF1AFB9204008FA782 = {
						CreatedOnToolsVersion = 6.3.1;
						DevelopmentTeam = 23HBK637BA;
						LastSwiftMigration = 0900;
					};
					607FACE41AFB9204008FA782 = {
						CreatedOnToolsVersion = 6.3.1;
						DevelopmentTeam = 23HBK637BA;
						LastSwiftMigration = 0900;
						TestTargetID = 607FACCF1AFB9204008FA782;
					};
				};
			};
			buildConfigurationList = 607FACCB1AFB9204008FA782 /* Build configuration list for PBXProject "Go23LiteSDK" */;
			compatibilityVersion = "Xcode 3.2";
			developmentRegion = English;
			hasScannedForEncodings = 0;
			knownRegions = (
				English,
				en,
				Base,
			);
			mainGroup = 607FACC71AFB9204008FA782;
			productRefGroup = 607FACD11AFB9204008FA782 /* Products */;
			projectDirPath = "";
			projectRoot = "";
			targets = (
				607FACCF1AFB9204008FA782 /* Go23LiteSDK_Example */,
				607FACE41AFB9204008FA782 /* Go23LiteSDK_Tests */,
			);
		};
/* End PBXProject section */

/* Begin PBXResourcesBuildPhase section */
		607FACCE1AFB9204008FA782 /* Resources */ = {
			isa = PBXResourcesBuildPhase;
			buildActionMask = 2147483647;
			files = (
				607FACDB1AFB9204008FA782 /* Main.storyboard in Resources */,
				614F07B629A3131E007F0E48 /* loading.gif in Resources */,
				607FACE01AFB9204008FA782 /* LaunchScreen.xib in Resources */,
				607FACDD1AFB9204008FA782 /* Images.xcassets in Resources */,
			);
			runOnlyForDeploymentPostprocessing = 0;
		};
		607FACE31AFB9204008FA782 /* Resources */ = {
			isa = PBXResourcesBuildPhase;
			buildActionMask = 2147483647;
			files = (
			);
			runOnlyForDeploymentPostprocessing = 0;
		};
/* End PBXResourcesBuildPhase section */

/* Begin PBXShellScriptBuildPhase section */
		1D62D16109594FA17E76F17C /* [CP] Check Pods Manifest.lock */ = {
			isa = PBXShellScriptBuildPhase;
			buildActionMask = 2147483647;
			files = (
			);
			inputFileListPaths = (
			);
			inputPaths = (
				"${PODS_PODFILE_DIR_PATH}/Podfile.lock",
				"${PODS_ROOT}/Manifest.lock",
			);
			name = "[CP] Check Pods Manifest.lock";
			outputFileListPaths = (
			);
			outputPaths = (
				"$(DERIVED_FILE_DIR)/Pods-Go23LiteSDK_Tests-checkManifestLockResult.txt",
			);
			runOnlyForDeploymentPostprocessing = 0;
			shellPath = /bin/sh;
			shellScript = "diff \"${PODS_PODFILE_DIR_PATH}/Podfile.lock\" \"${PODS_ROOT}/Manifest.lock\" > /dev/null\nif [ $? != 0 ] ; then\n    # print error to STDERR\n    echo \"error: The sandbox is not in sync with the Podfile.lock. Run 'pod install' or update your CocoaPods installation.\" >&2\n    exit 1\nfi\n# This output is used by Xcode 'outputs' to avoid re-running this script phase.\necho \"SUCCESS\" > \"${SCRIPT_OUTPUT_FILE_0}\"\n";
			showEnvVarsInLog = 0;
		};
		A82A80D9FE734DE0B4A1931C /* [CP] Copy Pods Resources */ = {
			isa = PBXShellScriptBuildPhase;
			buildActionMask = 2147483647;
			files = (
			);
			inputPaths = (
				"${PODS_ROOT}/Target Support Files/Pods-Go23LiteSDK_Example/Pods-Go23LiteSDK_Example-resources.sh",
				"${PODS_CONFIGURATION_BUILD_DIR}/Go23LiteSDK/Go23_Go23LiteSDK.bundle",
			);
			name = "[CP] Copy Pods Resources";
			outputPaths = (
				"${TARGET_BUILD_DIR}/${UNLOCALIZED_RESOURCES_FOLDER_PATH}/Go23_Go23LiteSDK.bundle",
			);
			runOnlyForDeploymentPostprocessing = 0;
			shellPath = /bin/sh;
			shellScript = "\"${PODS_ROOT}/Target Support Files/Pods-Go23LiteSDK_Example/Pods-Go23LiteSDK_Example-resources.sh\"\n";
			showEnvVarsInLog = 0;
		};
		B0B65D86F10A8A82806BD411 /* [CP] Embed Pods Frameworks */ = {
			isa = PBXShellScriptBuildPhase;
			buildActionMask = 2147483647;
			files = (
			);
			inputPaths = (
				"${PODS_ROOT}/Target Support Files/Pods-Go23LiteSDK_Example/Pods-Go23LiteSDK_Example-frameworks.sh",
				"${BUILT_PRODUCTS_DIR}/Kingfisher/Kingfisher.framework",
			);
			name = "[CP] Embed Pods Frameworks";
			outputPaths = (
				"${TARGET_BUILD_DIR}/${FRAMEWORKS_FOLDER_PATH}/Kingfisher.framework",
			);
			runOnlyForDeploymentPostprocessing = 0;
			shellPath = /bin/sh;
			shellScript = "\"${PODS_ROOT}/Target Support Files/Pods-Go23LiteSDK_Example/Pods-Go23LiteSDK_Example-frameworks.sh\"\n";
			showEnvVarsInLog = 0;
		};
		EC6338B7E19CCDBA9E603764 /* [CP] Check Pods Manifest.lock */ = {
			isa = PBXShellScriptBuildPhase;
			buildActionMask = 2147483647;
			files = (
			);
			inputFileListPaths = (
			);
			inputPaths = (
				"${PODS_PODFILE_DIR_PATH}/Podfile.lock",
				"${PODS_ROOT}/Manifest.lock",
			);
			name = "[CP] Check Pods Manifest.lock";
			outputFileListPaths = (
			);
			outputPaths = (
				"$(DERIVED_FILE_DIR)/Pods-Go23LiteSDK_Example-checkManifestLockResult.txt",
			);
			runOnlyForDeploymentPostprocessing = 0;
			shellPath = /bin/sh;
			shellScript = "diff \"${PODS_PODFILE_DIR_PATH}/Podfile.lock\" \"${PODS_ROOT}/Manifest.lock\" > /dev/null\nif [ $? != 0 ] ; then\n    # print error to STDERR\n    echo \"error: The sandbox is not in sync with the Podfile.lock. Run 'pod install' or update your CocoaPods installation.\" >&2\n    exit 1\nfi\n# This output is used by Xcode 'outputs' to avoid re-running this script phase.\necho \"SUCCESS\" > \"${SCRIPT_OUTPUT_FILE_0}\"\n";
			showEnvVarsInLog = 0;
		};
/* End PBXShellScriptBuildPhase section */

/* Begin PBXSourcesBuildPhase section */
		607FACCC1AFB9204008FA782 /* Sources */ = {
			isa = PBXSourcesBuildPhase;
			buildActionMask = 2147483647;
			files = (
				614F079029A3125F007F0E48 /* ConstraintLayoutGuide.swift in Sources */,
				614F078E29A3125F007F0E48 /* UILayoutSupport+Extensions.swift in Sources */,
				614F07A229A3125F007F0E48 /* ConstraintMakerRelatable.swift in Sources */,
				614F07D729A31B25007F0E48 /* Go23NSMutableAttributedString+Extension.swift in Sources */,
				614F079729A3125F007F0E48 /* ConstraintRelation.swift in Sources */,
				614F07AB29A3125F007F0E48 /* Validation.swift in Sources */,
				614F078029A3125F007F0E48 /* ConstraintMakerPrioritizable.swift in Sources */,
				614F07B029A3125F007F0E48 /* SessionManager.swift in Sources */,
				614F078829A3125F007F0E48 /* ConstraintMakerExtendable.swift in Sources */,
				614F079929A3125F007F0E48 /* ConstraintView+Extensions.swift in Sources */,
				614F07A629A3125F007F0E48 /* Timeline.swift in Sources */,
				614F079C29A3125F007F0E48 /* Debugging.swift in Sources */,
				614F078729A3125F007F0E48 /* ConstraintDSL.swift in Sources */,
				614F078D29A3125F007F0E48 /* ConstraintConfig.swift in Sources */,
				614F079529A3125F007F0E48 /* ConstraintMakerEditable.swift in Sources */,
				614F07CD29A31A0D007F0E48 /* Go23Toast.swift in Sources */,
				614F079429A3125F007F0E48 /* ConstraintOffsetTarget.swift in Sources */,
				614F07D029A31A0D007F0E48 /* Go23Color+Extension.swift in Sources */,
				614F07A129A3125F007F0E48 /* ConstraintLayoutSupportDSL.swift in Sources */,
				614F078929A3125F007F0E48 /* ConstraintPriority.swift in Sources */,
				614F07A029A3125F007F0E48 /* ConstraintDirectionalInsets.swift in Sources */,
				614F078B29A3125F007F0E48 /* ConstraintDirectionalInsetTarget.swift in Sources */,
				614F07D529A31AE9007F0E48 /* OverlayController.swift in Sources */,
				607FACD81AFB9204008FA782 /* ViewController.swift in Sources */,
				614F079D29A3125F007F0E48 /* ConstraintRelatableTarget.swift in Sources */,
				614F07C529A319E6007F0E48 /* AppDelegate.swift in Sources */,
				614F079E29A3125F007F0E48 /* LayoutConstraint.swift in Sources */,
				614F078629A3125F007F0E48 /* ConstraintMakerFinalizable.swift in Sources */,
				614F07D129A31A0D007F0E48 /* Go23SettingAccountView.swift in Sources */,
				614F078F29A3125F007F0E48 /* ConstraintView.swift in Sources */,
				614F07CE29A31A0D007F0E48 /* Go23NetworkManager.swift in Sources */,
				614F07AE29A3125F007F0E48 /* Alamofire.swift in Sources */,
				614F078C29A3125F007F0E48 /* ConstraintMakerRelatable+Extensions.swift in Sources */,
				614F078429A3125F007F0E48 /* ConstraintPriorityTarget.swift in Sources */,
				614F079F29A3125F007F0E48 /* ConstraintLayoutGuide+Extensions.swift in Sources */,
				614F07A329A3125F007F0E48 /* TaskDelegate.swift in Sources */,
				614F077E29A3125F007F0E48 /* ConstraintMultiplierTarget.swift in Sources */,
				614F07A729A3125F007F0E48 /* DispatchQueue+Alamofire.swift in Sources */,
				614F07AF29A3125F007F0E48 /* Request.swift in Sources */,
				614F078A29A3125F007F0E48 /* ConstraintInsetTarget.swift in Sources */,
				614F07AC29A3125F007F0E48 /* Notifications.swift in Sources */,
				614F07CF29A31A0D007F0E48 /* Go23Loading.swift in Sources */,
				614F079129A3125F007F0E48 /* ConstraintLayoutSupport.swift in Sources */,
				614F077F29A3125F007F0E48 /* LayoutConstraintItem.swift in Sources */,
				614F07D329A31A0D007F0E48 /* Go23Net.swift in Sources */,
				614F07A529A3125F007F0E48 /* NetworkReachabilityManager.swift in Sources */,
				614F079829A3125F007F0E48 /* ConstraintLayoutGuideDSL.swift in Sources */,
				614F07B129A3125F007F0E48 /* ResponseSerialization.swift in Sources */,
				614F07D229A31A0D007F0E48 /* Go23PhoneSelectedView.swift in Sources */,
				607FACD61AFB9204008FA782 /* AppDelegate.swift in Sources */,
				614F07AA29A3125F007F0E48 /* AFError.swift in Sources */,
				614F079A29A3125F007F0E48 /* ConstraintItem.swift in Sources */,
				614F07A429A3125F007F0E48 /* MultipartFormData.swift in Sources */,
				614F079629A3125F007F0E48 /* ConstraintMaker.swift in Sources */,
				614F078529A3125F007F0E48 /* ConstraintInsets.swift in Sources */,
				614F078229A3125F007F0E48 /* ConstraintAttributes.swift in Sources */,
				614F07AD29A3125F007F0E48 /* Response.swift in Sources */,
				614F07B229A3125F007F0E48 /* ServerTrustPolicy.swift in Sources */,
				614F078129A3125F007F0E48 /* ConstraintDescription.swift in Sources */,
				614F07A929A3125F007F0E48 /* ParameterEncoding.swift in Sources */,
				614F079329A3125F007F0E48 /* ConstraintConstantTarget.swift in Sources */,
				614F07B329A3125F007F0E48 /* SessionDelegate.swift in Sources */,
				614F079229A3125F007F0E48 /* Typealiases.swift in Sources */,
				614F07A829A3125F007F0E48 /* Result.swift in Sources */,
				614F079B29A3125F007F0E48 /* Constraint.swift in Sources */,
				614F078329A3125F007F0E48 /* ConstraintViewDSL.swift in Sources */,
			);
			runOnlyForDeploymentPostprocessing = 0;
		};
		607FACE11AFB9204008FA782 /* Sources */ = {
			isa = PBXSourcesBuildPhase;
			buildActionMask = 2147483647;
			files = (
				607FACEC1AFB9204008FA782 /* Tests.swift in Sources */,
			);
			runOnlyForDeploymentPostprocessing = 0;
		};
/* End PBXSourcesBuildPhase section */

/* Begin PBXTargetDependency section */
		607FACE71AFB9204008FA782 /* PBXTargetDependency */ = {
			isa = PBXTargetDependency;
			target = 607FACCF1AFB9204008FA782 /* Go23LiteSDK_Example */;
			targetProxy = 607FACE61AFB9204008FA782 /* PBXContainerItemProxy */;
		};
/* End PBXTargetDependency section */

/* Begin PBXVariantGroup section */
		607FACD91AFB9204008FA782 /* Main.storyboard */ = {
			isa = PBXVariantGroup;
			children = (
				607FACDA1AFB9204008FA782 /* Base */,
			);
			name = Main.storyboard;
			sourceTree = "<group>";
		};
		607FACDE1AFB9204008FA782 /* LaunchScreen.xib */ = {
			isa = PBXVariantGroup;
			children = (
				607FACDF1AFB9204008FA782 /* Base */,
			);
			name = LaunchScreen.xib;
			sourceTree = "<group>";
		};
/* End PBXVariantGroup section */

/* Begin XCBuildConfiguration section */
		607FACED1AFB9204008FA782 /* Debug */ = {
			isa = XCBuildConfiguration;
			buildSettings = {
				ALWAYS_SEARCH_USER_PATHS = NO;
				CLANG_CXX_LANGUAGE_STANDARD = "gnu++0x";
				CLANG_CXX_LIBRARY = "libc++";
				CLANG_ENABLE_MODULES = YES;
				CLANG_ENABLE_OBJC_ARC = YES;
				CLANG_WARN_BLOCK_CAPTURE_AUTORELEASING = YES;
				CLANG_WARN_BOOL_CONVERSION = YES;
				CLANG_WARN_COMMA = YES;
				CLANG_WARN_CONSTANT_CONVERSION = YES;
				CLANG_WARN_DIRECT_OBJC_ISA_USAGE = YES_ERROR;
				CLANG_WARN_EMPTY_BODY = YES;
				CLANG_WARN_ENUM_CONVERSION = YES;
				CLANG_WARN_INFINITE_RECURSION = YES;
				CLANG_WARN_INT_CONVERSION = YES;
				CLANG_WARN_NON_LITERAL_NULL_CONVERSION = YES;
				CLANG_WARN_OBJC_LITERAL_CONVERSION = YES;
				CLANG_WARN_OBJC_ROOT_CLASS = YES_ERROR;
				CLANG_WARN_RANGE_LOOP_ANALYSIS = YES;
				CLANG_WARN_STRICT_PROTOTYPES = YES;
				CLANG_WARN_SUSPICIOUS_MOVE = YES;
				CLANG_WARN_UNREACHABLE_CODE = YES;
				CLANG_WARN__DUPLICATE_METHOD_MATCH = YES;
				"CODE_SIGN_IDENTITY[sdk=iphoneos*]" = "iPhone Developer";
				COPY_PHASE_STRIP = NO;
				DEBUG_INFORMATION_FORMAT = "dwarf-with-dsym";
				ENABLE_STRICT_OBJC_MSGSEND = YES;
				ENABLE_TESTABILITY = YES;
				GCC_C_LANGUAGE_STANDARD = gnu99;
				GCC_DYNAMIC_NO_PIC = NO;
				GCC_NO_COMMON_BLOCKS = YES;
				GCC_OPTIMIZATION_LEVEL = 0;
				GCC_PREPROCESSOR_DEFINITIONS = (
					"DEBUG=1",
					"$(inherited)",
				);
				GCC_SYMBOLS_PRIVATE_EXTERN = NO;
				GCC_WARN_64_TO_32_BIT_CONVERSION = YES;
				GCC_WARN_ABOUT_RETURN_TYPE = YES_ERROR;
				GCC_WARN_UNDECLARED_SELECTOR = YES;
				GCC_WARN_UNINITIALIZED_AUTOS = YES_AGGRESSIVE;
				GCC_WARN_UNUSED_FUNCTION = YES;
				GCC_WARN_UNUSED_VARIABLE = YES;
				IPHONEOS_DEPLOYMENT_TARGET = 13.0;
				MTL_ENABLE_DEBUG_INFO = YES;
				ONLY_ACTIVE_ARCH = YES;
				SDKROOT = iphoneos;
				SWIFT_OPTIMIZATION_LEVEL = "-Onone";
			};
			name = Debug;
		};
		607FACEE1AFB9204008FA782 /* Release */ = {
			isa = XCBuildConfiguration;
			buildSettings = {
				ALWAYS_SEARCH_USER_PATHS = NO;
				CLANG_CXX_LANGUAGE_STANDARD = "gnu++0x";
				CLANG_CXX_LIBRARY = "libc++";
				CLANG_ENABLE_MODULES = YES;
				CLANG_ENABLE_OBJC_ARC = YES;
				CLANG_WARN_BLOCK_CAPTURE_AUTORELEASING = YES;
				CLANG_WARN_BOOL_CONVERSION = YES;
				CLANG_WARN_COMMA = YES;
				CLANG_WARN_CONSTANT_CONVERSION = YES;
				CLANG_WARN_DIRECT_OBJC_ISA_USAGE = YES_ERROR;
				CLANG_WARN_EMPTY_BODY = YES;
				CLANG_WARN_ENUM_CONVERSION = YES;
				CLANG_WARN_INFINITE_RECURSION = YES;
				CLANG_WARN_INT_CONVERSION = YES;
				CLANG_WARN_NON_LITERAL_NULL_CONVERSION = YES;
				CLANG_WARN_OBJC_LITERAL_CONVERSION = YES;
				CLANG_WARN_OBJC_ROOT_CLASS = YES_ERROR;
				CLANG_WARN_RANGE_LOOP_ANALYSIS = YES;
				CLANG_WARN_STRICT_PROTOTYPES = YES;
				CLANG_WARN_SUSPICIOUS_MOVE = YES;
				CLANG_WARN_UNREACHABLE_CODE = YES;
				CLANG_WARN__DUPLICATE_METHOD_MATCH = YES;
				"CODE_SIGN_IDENTITY[sdk=iphoneos*]" = "iPhone Developer";
				COPY_PHASE_STRIP = NO;
				DEBUG_INFORMATION_FORMAT = "dwarf-with-dsym";
				ENABLE_NS_ASSERTIONS = NO;
				ENABLE_STRICT_OBJC_MSGSEND = YES;
				GCC_C_LANGUAGE_STANDARD = gnu99;
				GCC_NO_COMMON_BLOCKS = YES;
				GCC_WARN_64_TO_32_BIT_CONVERSION = YES;
				GCC_WARN_ABOUT_RETURN_TYPE = YES_ERROR;
				GCC_WARN_UNDECLARED_SELECTOR = YES;
				GCC_WARN_UNINITIALIZED_AUTOS = YES_AGGRESSIVE;
				GCC_WARN_UNUSED_FUNCTION = YES;
				GCC_WARN_UNUSED_VARIABLE = YES;
				IPHONEOS_DEPLOYMENT_TARGET = 13.0;
				MTL_ENABLE_DEBUG_INFO = NO;
				SDKROOT = iphoneos;
				SWIFT_OPTIMIZATION_LEVEL = "-Owholemodule";
				VALIDATE_PRODUCT = YES;
			};
			name = Release;
		};
		607FACF01AFB9204008FA782 /* Debug */ = {
			isa = XCBuildConfiguration;
			baseConfigurationReference = 41E48DC04905C1CCE59DEE4F /* Pods-Go23LiteSDK_Example.debug.xcconfig */;
			buildSettings = {
				ASSETCATALOG_COMPILER_APPICON_NAME = AppIcon;
				DEVELOPMENT_TEAM = 23HBK637BA;
				INFOPLIST_FILE = Go23LiteSDK/Info.plist;
				IPHONEOS_DEPLOYMENT_TARGET = 13.0;
				LD_RUNPATH_SEARCH_PATHS = "$(inherited) @executable_path/Frameworks";
				MODULE_NAME = ExampleApp;
				PRODUCT_BUNDLE_IDENTIFIER = org.cocoapods.Go23LiteSDK;
				PRODUCT_NAME = "$(TARGET_NAME)";
				SWIFT_SWIFT3_OBJC_INFERENCE = Default;
				SWIFT_VERSION = 5.0;
			};
			name = Debug;
		};
		607FACF11AFB9204008FA782 /* Release */ = {
			isa = XCBuildConfiguration;
			baseConfigurationReference = 2AFEC0B5AA54074CB2812090 /* Pods-Go23LiteSDK_Example.release.xcconfig */;
			buildSettings = {
				ASSETCATALOG_COMPILER_APPICON_NAME = AppIcon;
				DEVELOPMENT_TEAM = 23HBK637BA;
				INFOPLIST_FILE = Go23LiteSDK/Info.plist;
				IPHONEOS_DEPLOYMENT_TARGET = 13.0;
				LD_RUNPATH_SEARCH_PATHS = "$(inherited) @executable_path/Frameworks";
				MODULE_NAME = ExampleApp;
				PRODUCT_BUNDLE_IDENTIFIER = org.cocoapods.Go23LiteSDK;
				PRODUCT_NAME = "$(TARGET_NAME)";
				SWIFT_SWIFT3_OBJC_INFERENCE = Default;
				SWIFT_VERSION = 5.0;
			};
			name = Release;
		};
		607FACF31AFB9204008FA782 /* Debug */ = {
			isa = XCBuildConfiguration;
			baseConfigurationReference = 760AB92737DEB08EBDC5CAD3 /* Pods-Go23LiteSDK_Tests.debug.xcconfig */;
			buildSettings = {
				DEVELOPMENT_TEAM = 23HBK637BA;
				FRAMEWORK_SEARCH_PATHS = (
					"$(PLATFORM_DIR)/Developer/Library/Frameworks",
					"$(inherited)",
				);
				GCC_PREPROCESSOR_DEFINITIONS = (
					"DEBUG=1",
					"$(inherited)",
				);
				INFOPLIST_FILE = Tests/Info.plist;
				LD_RUNPATH_SEARCH_PATHS = "$(inherited) @executable_path/Frameworks @loader_path/Frameworks";
				PRODUCT_BUNDLE_IDENTIFIER = org.cocoapods.Go23LiteSDK;
				PRODUCT_NAME = "$(TARGET_NAME)";
				SWIFT_SWIFT3_OBJC_INFERENCE = Default;
				SWIFT_VERSION = 4.0;
				TEST_HOST = "$(BUILT_PRODUCTS_DIR)/Go23LiteSDK_Example.app/Go23LiteSDK_Example";
			};
			name = Debug;
		};
		607FACF41AFB9204008FA782 /* Release */ = {
			isa = XCBuildConfiguration;
			baseConfigurationReference = 0C5127126DB2BBA5C8B173E9 /* Pods-Go23LiteSDK_Tests.release.xcconfig */;
			buildSettings = {
				DEVELOPMENT_TEAM = 23HBK637BA;
				FRAMEWORK_SEARCH_PATHS = (
					"$(PLATFORM_DIR)/Developer/Library/Frameworks",
					"$(inherited)",
				);
				INFOPLIST_FILE = Tests/Info.plist;
				LD_RUNPATH_SEARCH_PATHS = "$(inherited) @executable_path/Frameworks @loader_path/Frameworks";
				PRODUCT_BUNDLE_IDENTIFIER = org.cocoapods.Go23LiteSDK;
				PRODUCT_NAME = "$(TARGET_NAME)";
				SWIFT_SWIFT3_OBJC_INFERENCE = Default;
				SWIFT_VERSION = 4.0;
				TEST_HOST = "$(BUILT_PRODUCTS_DIR)/Go23LiteSDK_Example.app/Go23LiteSDK_Example";
			};
			name = Release;
		};
/* End XCBuildConfiguration section */

/* Begin XCConfigurationList section */
		607FACCB1AFB9204008FA782 /* Build configuration list for PBXProject "Go23LiteSDK" */ = {
			isa = XCConfigurationList;
			buildConfigurations = (
				607FACED1AFB9204008FA782 /* Debug */,
				607FACEE1AFB9204008FA782 /* Release */,
			);
			defaultConfigurationIsVisible = 0;
			defaultConfigurationName = Release;
		};
		607FACEF1AFB9204008FA782 /* Build configuration list for PBXNativeTarget "Go23LiteSDK_Example" */ = {
			isa = XCConfigurationList;
			buildConfigurations = (
				607FACF01AFB9204008FA782 /* Debug */,
				607FACF11AFB9204008FA782 /* Release */,
			);
			defaultConfigurationIsVisible = 0;
			defaultConfigurationName = Release;
		};
		607FACF21AFB9204008FA782 /* Build configuration list for PBXNativeTarget "Go23LiteSDK_Tests" */ = {
			isa = XCConfigurationList;
			buildConfigurations = (
				607FACF31AFB9204008FA782 /* Debug */,
				607FACF41AFB9204008FA782 /* Release */,
			);
			defaultConfigurationIsVisible = 0;
			defaultConfigurationName = Release;
		};
/* End XCConfigurationList section */
	};
	rootObject = 607FACC81AFB9204008FA782 /* Project object */;
}
